
Microsoft Visual Studio Solution File, Format Version 12.00
# Visual Studio Version 17
VisualStudioVersion = 17.14.36119.2 d17.14
MinimumVisualStudioVersion = 10.0.40219.1
Project("{FAE04EC0-301F-11D3-BF4B-00C04F79EFBC}") = "Calculator", "Calculator\Calculator.csproj", "{610DF367-3CAF-4B1C-B92A-DFCC35ADA878}"
EndProject
Global
	GlobalSection(SolutionConfigurationPlatforms) = preSolution
		Debug|Any CPU = Debug|Any CPU
		Release|Any CPU = Release|Any CPU
	EndGlobalSection
	GlobalSection(ProjectConfigurationPlatforms) = postSolution
		{610DF367-3CAF-4B1C-B92A-DFCC35ADA878}.Debug|Any CPU.ActiveCfg = Debug|Any CPU
		{610DF367-3CAF-4B1C-B92A-DFCC35ADA878}.Debug|Any CPU.Build.0 = Debug|Any CPU
		{610DF367-3CAF-4B1C-B92A-DFCC35ADA878}.Release|Any CPU.ActiveCfg = Release|Any CPU
		{610DF367-3CAF-4B1C-B92A-DFCC35ADA878}.Release|Any CPU.Build.0 = Release|Any CPU
	EndGlobalSection
	GlobalSection(SolutionProperties) = preSolution
		HideSolutionNode = FALSE
	EndGlobalSection
	GlobalSection(ExtensibilityGlobals) = postSolution
		SolutionGuid = {D3500403-FBD1-4210-AF7E-CFB1278D1F4D}
	EndGlobalSection
EndGlobal
